// !$*UTF8*$!
{
	archiveVersion = 1;
	classes = {
	};
	objectVersion = 48;
	objects = {

/* Begin PBXBuildFile section */
		5C6EA8FF204CCAB000E50746 /* AppDelegate.swift in Sources */ = {isa = PBXBuildFile; fileRef = 5C6EA8FE204CCAB000E50746 /* AppDelegate.swift */; };
		5C6EA901204CCAB000E50746 /* ViewController.swift in Sources */ = {isa = PBXBuildFile; fileRef = 5C6EA900204CCAB000E50746 /* ViewController.swift */; };
		5C6EA909204CCAB000E50746 /* LaunchScreen.storyboard in Resources */ = {isa = PBXBuildFile; fileRef = 5C6EA907204CCAB000E50746 /* LaunchScreen.storyboard */; };
		5C6EA914204CCAB000E50746 /* BACTests.swift in Sources */ = {isa = PBXBuildFile; fileRef = 5C6EA913204CCAB000E50746 /* BACTests.swift */; };
		5C6EA91F204CCAB000E50746 /* BACUITests.swift in Sources */ = {isa = PBXBuildFile; fileRef = 5C6EA91E204CCAB000E50746 /* BACUITests.swift */; };
		5C6EA92E204CCBE700E50746 /* barViewController.swift in Sources */ = {isa = PBXBuildFile; fileRef = 5C6EA92C204CCBE700E50746 /* barViewController.swift */; };
		5C6EA92F204CCBE700E50746 /* settingsViewController.swift in Sources */ = {isa = PBXBuildFile; fileRef = 5C6EA92D204CCBE700E50746 /* settingsViewController.swift */; };
		5C6EA932204CCC2800E50746 /* Main.storyboard in Resources */ = {isa = PBXBuildFile; fileRef = 5C6EA930204CCC2800E50746 /* Main.storyboard */; };
		5C6EA934204CFD0D00E50746 /* BACCalculator.swift in Sources */ = {isa = PBXBuildFile; fileRef = 5C6EA933204CFD0D00E50746 /* BACCalculator.swift */; };
		D6549FAE2052340E0045957C /* rightCorner.png in Resources */ = {isa = PBXBuildFile; fileRef = D6549FAD2052340E0045957C /* rightCorner.png */; };
		D6F8556C20521D9400B86BFC /* black-texture-wallpaper-HD2.jpg in Resources */ = {isa = PBXBuildFile; fileRef = D6F8556B20521D9400B86BFC /* black-texture-wallpaper-HD2.jpg */; };
/* End PBXBuildFile section */

/* Begin PBXContainerItemProxy section */
		5C6EA910204CCAB000E50746 /* PBXContainerItemProxy */ = {
			isa = PBXContainerItemProxy;
			containerPortal = 5C6EA8F3204CCAB000E50746 /* Project object */;
			proxyType = 1;
			remoteGlobalIDString = 5C6EA8FA204CCAB000E50746;
			remoteInfo = BAC;
		};
		5C6EA91B204CCAB000E50746 /* PBXContainerItemProxy */ = {
			isa = PBXContainerItemProxy;
			containerPortal = 5C6EA8F3204CCAB000E50746 /* Project object */;
			proxyType = 1;
			remoteGlobalIDString = 5C6EA8FA204CCAB000E50746;
			remoteInfo = BAC;
		};
/* End PBXContainerItemProxy section */

/* Begin PBXFileReference section */
		5C6EA8FB204CCAB000E50746 /* BAC.app */ = {isa = PBXFileReference; explicitFileType = wrapper.application; includeInIndex = 0; path = BAC.app; sourceTree = BUILT_PRODUCTS_DIR; };
		5C6EA8FE204CCAB000E50746 /* AppDelegate.swift */ = {isa = PBXFileReference; lastKnownFileType = sourcecode.swift; path = AppDelegate.swift; sourceTree = "<group>"; };
		5C6EA900204CCAB000E50746 /* ViewController.swift */ = {isa = PBXFileReference; lastKnownFileType = sourcecode.swift; path = ViewController.swift; sourceTree = "<group>"; };
		5C6EA908204CCAB000E50746 /* Base */ = {isa = PBXFileReference; lastKnownFileType = file.storyboard; name = Base; path = Base.lproj/LaunchScreen.storyboard; sourceTree = "<group>"; };
		5C6EA90A204CCAB000E50746 /* Info.plist */ = {isa = PBXFileReference; lastKnownFileType = text.plist.xml; path = Info.plist; sourceTree = "<group>"; };
		5C6EA90F204CCAB000E50746 /* BACTests.xctest */ = {isa = PBXFileReference; explicitFileType = wrapper.cfbundle; includeInIndex = 0; path = BACTests.xctest; sourceTree = BUILT_PRODUCTS_DIR; };
		5C6EA913204CCAB000E50746 /* BACTests.swift */ = {isa = PBXFileReference; lastKnownFileType = sourcecode.swift; path = BACTests.swift; sourceTree = "<group>"; };
		5C6EA915204CCAB000E50746 /* Info.plist */ = {isa = PBXFileReference; lastKnownFileType = text.plist.xml; path = Info.plist; sourceTree = "<group>"; };
		5C6EA91A204CCAB000E50746 /* BACUITests.xctest */ = {isa = PBXFileReference; explicitFileType = wrapper.cfbundle; includeInIndex = 0; path = BACUITests.xctest; sourceTree = BUILT_PRODUCTS_DIR; };
		5C6EA91E204CCAB000E50746 /* BACUITests.swift */ = {isa = PBXFileReference; lastKnownFileType = sourcecode.swift; path = BACUITests.swift; sourceTree = "<group>"; };
		5C6EA920204CCAB000E50746 /* Info.plist */ = {isa = PBXFileReference; lastKnownFileType = text.plist.xml; path = Info.plist; sourceTree = "<group>"; };
		5C6EA92C204CCBE700E50746 /* barViewController.swift */ = {isa = PBXFileReference; fileEncoding = 4; lastKnownFileType = sourcecode.swift; path = barViewController.swift; sourceTree = "<group>"; };
		5C6EA92D204CCBE700E50746 /* settingsViewController.swift */ = {isa = PBXFileReference; fileEncoding = 4; lastKnownFileType = sourcecode.swift; path = settingsViewController.swift; sourceTree = "<group>"; };
		5C6EA931204CCC2800E50746 /* Base */ = {isa = PBXFileReference; lastKnownFileType = file.storyboard; name = Base; path = Base.lproj/Main.storyboard; sourceTree = "<group>"; };
		5C6EA933204CFD0D00E50746 /* BACCalculator.swift */ = {isa = PBXFileReference; fileEncoding = 4; lastKnownFileType = sourcecode.swift; path = BACCalculator.swift; sourceTree = "<group>"; };
		D6549FAD2052340E0045957C /* rightCorner.png */ = {isa = PBXFileReference; lastKnownFileType = image.png; path = rightCorner.png; sourceTree = "<group>"; };
		D6F8556B20521D9400B86BFC /* black-texture-wallpaper-HD2.jpg */ = {isa = PBXFileReference; lastKnownFileType = image.jpeg; name = "black-texture-wallpaper-HD2.jpg"; path = "../../Downloads/black-texture-wallpaper-HD2.jpg"; sourceTree = "<group>"; };
/* End PBXFileReference section */

/* Begin PBXFrameworksBuildPhase section */
		5C6EA8F8204CCAB000E50746 /* Frameworks */ = {
			isa = PBXFrameworksBuildPhase;
			buildActionMask = 2147483647;
			files = (
			);
			runOnlyForDeploymentPostprocessing = 0;
		};
		5C6EA90C204CCAB000E50746 /* Frameworks */ = {
			isa = PBXFrameworksBuildPhase;
			buildActionMask = 2147483647;
			files = (
			);
			runOnlyForDeploymentPostprocessing = 0;
		};
		5C6EA917204CCAB000E50746 /* Frameworks */ = {
			isa = PBXFrameworksBuildPhase;
			buildActionMask = 2147483647;
			files = (
			);
			runOnlyForDeploymentPostprocessing = 0;
		};
/* End PBXFrameworksBuildPhase section */

/* Begin PBXGroup section */
		5C6EA8F2204CCAAF00E50746 = {
			isa = PBXGroup;
			children = (
				5C6EA8FD204CCAB000E50746 /* BAC */,
				5C6EA912204CCAB000E50746 /* BACTests */,
				5C6EA91D204CCAB000E50746 /* BACUITests */,
				5C6EA8FC204CCAB000E50746 /* Products */,
				D6F8556B20521D9400B86BFC /* black-texture-wallpaper-HD2.jpg */,
				D6549FAD2052340E0045957C /* rightCorner.png */,
			);
			sourceTree = "<group>";
		};
		5C6EA8FC204CCAB000E50746 /* Products */ = {
			isa = PBXGroup;
			children = (
				5C6EA8FB204CCAB000E50746 /* BAC.app */,
				5C6EA90F204CCAB000E50746 /* BACTests.xctest */,
				5C6EA91A204CCAB000E50746 /* BACUITests.xctest */,
			);
			name = Products;
			sourceTree = "<group>";
		};
		5C6EA8FD204CCAB000E50746 /* BAC */ = {
			isa = PBXGroup;
			children = (
				5C6EA933204CFD0D00E50746 /* BACCalculator.swift */,
				5C6EA930204CCC2800E50746 /* Main.storyboard */,
				5C6EA92C204CCBE700E50746 /* barViewController.swift */,
				5C6EA92D204CCBE700E50746 /* settingsViewController.swift */,
				5C6EA8FE204CCAB000E50746 /* AppDelegate.swift */,
				5C6EA900204CCAB000E50746 /* ViewController.swift */,
				5C6EA907204CCAB000E50746 /* LaunchScreen.storyboard */,
				5C6EA90A204CCAB000E50746 /* Info.plist */,
			);
			path = BAC;
			sourceTree = "<group>";
		};
		5C6EA912204CCAB000E50746 /* BACTests */ = {
			isa = PBXGroup;
			children = (
				5C6EA913204CCAB000E50746 /* BACTests.swift */,
				5C6EA915204CCAB000E50746 /* Info.plist */,
			);
			path = BACTests;
			sourceTree = "<group>";
		};
		5C6EA91D204CCAB000E50746 /* BACUITests */ = {
			isa = PBXGroup;
			children = (
				5C6EA91E204CCAB000E50746 /* BACUITests.swift */,
				5C6EA920204CCAB000E50746 /* Info.plist */,
			);
			path = BACUITests;
			sourceTree = "<group>";
		};
/* End PBXGroup section */

/* Begin PBXNativeTarget section */
		5C6EA8FA204CCAB000E50746 /* BAC */ = {
			isa = PBXNativeTarget;
			buildConfigurationList = 5C6EA923204CCAB100E50746 /* Build configuration list for PBXNativeTarget "BAC" */;
			buildPhases = (
				5C6EA8F7204CCAB000E50746 /* Sources */,
				5C6EA8F8204CCAB000E50746 /* Frameworks */,
				5C6EA8F9204CCAB000E50746 /* Resources */,
			);
			buildRules = (
			);
			dependencies = (
			);
			name = BAC;
			productName = BAC;
			productReference = 5C6EA8FB204CCAB000E50746 /* BAC.app */;
			productType = "com.apple.product-type.application";
		};
		5C6EA90E204CCAB000E50746 /* BACTests */ = {
			isa = PBXNativeTarget;
			buildConfigurationList = 5C6EA926204CCAB100E50746 /* Build configuration list for PBXNativeTarget "BACTests" */;
			buildPhases = (
				5C6EA90B204CCAB000E50746 /* Sources */,
				5C6EA90C204CCAB000E50746 /* Frameworks */,
				5C6EA90D204CCAB000E50746 /* Resources */,
			);
			buildRules = (
			);
			dependencies = (
				5C6EA911204CCAB000E50746 /* PBXTargetDependency */,
			);
			name = BACTests;
			productName = BACTests;
			productReference = 5C6EA90F204CCAB000E50746 /* BACTests.xctest */;
			productType = "com.apple.product-type.bundle.unit-test";
		};
		5C6EA919204CCAB000E50746 /* BACUITests */ = {
			isa = PBXNativeTarget;
			buildConfigurationList = 5C6EA929204CCAB100E50746 /* Build configuration list for PBXNativeTarget "BACUITests" */;
			buildPhases = (
				5C6EA916204CCAB000E50746 /* Sources */,
				5C6EA917204CCAB000E50746 /* Frameworks */,
				5C6EA918204CCAB000E50746 /* Resources */,
			);
			buildRules = (
			);
			dependencies = (
				5C6EA91C204CCAB000E50746 /* PBXTargetDependency */,
			);
			name = BACUITests;
			productName = BACUITests;
			productReference = 5C6EA91A204CCAB000E50746 /* BACUITests.xctest */;
			productType = "com.apple.product-type.bundle.ui-testing";
		};
/* End PBXNativeTarget section */

/* Begin PBXProject section */
		5C6EA8F3204CCAB000E50746 /* Project object */ = {
			isa = PBXProject;
			attributes = {
				LastSwiftUpdateCheck = 0920;
				LastUpgradeCheck = 0920;
				ORGANIZATIONNAME = "Kendall Lewis";
				TargetAttributes = {
					5C6EA8FA204CCAB000E50746 = {
						CreatedOnToolsVersion = 9.2;
						ProvisioningStyle = Automatic;
					};
					5C6EA90E204CCAB000E50746 = {
						CreatedOnToolsVersion = 9.2;
						ProvisioningStyle = Automatic;
						TestTargetID = 5C6EA8FA204CCAB000E50746;
					};
					5C6EA919204CCAB000E50746 = {
						CreatedOnToolsVersion = 9.2;
						ProvisioningStyle = Automatic;
						TestTargetID = 5C6EA8FA204CCAB000E50746;
					};
				};
			};
			buildConfigurationList = 5C6EA8F6204CCAB000E50746 /* Build configuration list for PBXProject "BAC" */;
			compatibilityVersion = "Xcode 8.0";
			developmentRegion = en;
			hasScannedForEncodings = 0;
			knownRegions = (
				en,
				Base,
			);
			mainGroup = 5C6EA8F2204CCAAF00E50746;
			productRefGroup = 5C6EA8FC204CCAB000E50746 /* Products */;
			projectDirPath = "";
			projectRoot = "";
			targets = (
				5C6EA8FA204CCAB000E50746 /* BAC */,
				5C6EA90E204CCAB000E50746 /* BACTests */,
				5C6EA919204CCAB000E50746 /* BACUITests */,
			);
		};
/* End PBXProject section */

/* Begin PBXResourcesBuildPhase section */
		5C6EA8F9204CCAB000E50746 /* Resources */ = {
			isa = PBXResourcesBuildPhase;
			buildActionMask = 2147483647;
			files = (
				D6549FAE2052340E0045957C /* rightCorner.png in Resources */,
				5C6EA932204CCC2800E50746 /* Main.storyboard in Resources */,
				D6F8556C20521D9400B86BFC /* black-texture-wallpaper-HD2.jpg in Resources */,
				5C6EA909204CCAB000E50746 /* LaunchScreen.storyboard in Resources */,
			);
			runOnlyForDeploymentPostprocessing = 0;
		};
		5C6EA90D204CCAB000E50746 /* Resources */ = {
			isa = PBXResourcesBuildPhase;
			buildActionMask = 2147483647;
			files = (
			);
			runOnlyForDeploymentPostprocessing = 0;
		};
		5C6EA918204CCAB000E50746 /* Resources */ = {
			isa = PBXResourcesBuildPhase;
			buildActionMask = 2147483647;
			files = (
			);
			runOnlyForDeploymentPostprocessing = 0;
		};
/* End PBXResourcesBuildPhase section */

/* Begin PBXSourcesBuildPhase section */
		5C6EA8F7204CCAB000E50746 /* Sources */ = {
			isa = PBXSourcesBuildPhase;
			buildActionMask = 2147483647;
			files = (
				5C6EA901204CCAB000E50746 /* ViewController.swift in Sources */,
				5C6EA8FF204CCAB000E50746 /* AppDelegate.swift in Sources */,
				5C6EA92E204CCBE700E50746 /* barViewController.swift in Sources */,
				5C6EA92F204CCBE700E50746 /* settingsViewController.swift in Sources */,
				5C6EA934204CFD0D00E50746 /* BACCalculator.swift in Sources */,
			);
			runOnlyForDeploymentPostprocessing = 0;
		};
		5C6EA90B204CCAB000E50746 /* Sources */ = {
			isa = PBXSourcesBuildPhase;
			buildActionMask = 2147483647;
			files = (
				5C6EA914204CCAB000E50746 /* BACTests.swift in Sources */,
			);
			runOnlyForDeploymentPostprocessing = 0;
		};
		5C6EA916204CCAB000E50746 /* Sources */ = {
			isa = PBXSourcesBuildPhase;
			buildActionMask = 2147483647;
			files = (
				5C6EA91F204CCAB000E50746 /* BACUITests.swift in Sources */,
			);
			runOnlyForDeploymentPostprocessing = 0;
		};
/* End PBXSourcesBuildPhase section */

/* Begin PBXTargetDependency section */
		5C6EA911204CCAB000E50746 /* PBXTargetDependency */ = {
			isa = PBXTargetDependency;
			target = 5C6EA8FA204CCAB000E50746 /* BAC */;
			targetProxy = 5C6EA910204CCAB000E50746 /* PBXContainerItemProxy */;
		};
		5C6EA91C204CCAB000E50746 /* PBXTargetDependency */ = {
			isa = PBXTargetDependency;
			target = 5C6EA8FA204CCAB000E50746 /* BAC */;
			targetProxy = 5C6EA91B204CCAB000E50746 /* PBXContainerItemProxy */;
		};
/* End PBXTargetDependency section */

/* Begin PBXVariantGroup section */
		5C6EA907204CCAB000E50746 /* LaunchScreen.storyboard */ = {
			isa = PBXVariantGroup;
			children = (
				5C6EA908204CCAB000E50746 /* Base */,
			);
			name = LaunchScreen.storyboard;
			sourceTree = "<group>";
		};
		5C6EA930204CCC2800E50746 /* Main.storyboard */ = {
			isa = PBXVariantGroup;
			children = (
				5C6EA931204CCC2800E50746 /* Base */,
			);
			name = Main.storyboard;
			sourceTree = "<group>";
		};
/* End PBXVariantGroup section */

/* Begin XCBuildConfiguration section */
		5C6EA921204CCAB100E50746 /* Debug */ = {
			isa = XCBuildConfiguration;
			buildSettings = {
				ALWAYS_SEARCH_USER_PATHS = NO;
				CLANG_ANALYZER_NONNULL = YES;
				CLANG_ANALYZER_NUMBER_OBJECT_CONVERSION = YES_AGGRESSIVE;
				CLANG_CXX_LANGUAGE_STANDARD = "gnu++14";
				CLANG_CXX_LIBRARY = "libc++";
				CLANG_ENABLE_MODULES = YES;
				CLANG_ENABLE_OBJC_ARC = YES;
				CLANG_WARN_BLOCK_CAPTURE_AUTORELEASING = YES;
				CLANG_WARN_BOOL_CONVERSION = YES;
				CLANG_WARN_COMMA = YES;
				CLANG_WARN_CONSTANT_CONVERSION = YES;
				CLANG_WARN_DIRECT_OBJC_ISA_USAGE = YES_ERROR;
				CLANG_WARN_DOCUMENTATION_COMMENTS = YES;
				CLANG_WARN_EMPTY_BODY = YES;
				CLANG_WARN_ENUM_CONVERSION = YES;
				CLANG_WARN_INFINITE_RECURSION = YES;
				CLANG_WARN_INT_CONVERSION = YES;
				CLANG_WARN_NON_LITERAL_NULL_CONVERSION = YES;
				CLANG_WARN_OBJC_LITERAL_CONVERSION = YES;
				CLANG_WARN_OBJC_ROOT_CLASS = YES_ERROR;
				CLANG_WARN_RANGE_LOOP_ANALYSIS = YES;
				CLANG_WARN_STRICT_PROTOTYPES = YES;
				CLANG_WARN_SUSPICIOUS_MOVE = YES;
				CLANG_WARN_UNGUARDED_AVAILABILITY = YES_AGGRESSIVE;
				CLANG_WARN_UNREACHABLE_CODE = YES;
				CLANG_WARN__DUPLICATE_METHOD_MATCH = YES;
				CODE_SIGN_IDENTITY = "iPhone Developer";
				COPY_PHASE_STRIP = NO;
				DEBUG_INFORMATION_FORMAT = dwarf;
				ENABLE_STRICT_OBJC_MSGSEND = YES;
				ENABLE_TESTABILITY = YES;
				GCC_C_LANGUAGE_STANDARD = gnu11;
				GCC_DYNAMIC_NO_PIC = NO;
				GCC_NO_COMMON_BLOCKS = YES;
				GCC_OPTIMIZATION_LEVEL = 0;
				GCC_PREPROCESSOR_DEFINITIONS = (
					"DEBUG=1",
					"$(inherited)",
				);
				GCC_WARN_64_TO_32_BIT_CONVERSION = YES;
				GCC_WARN_ABOUT_RETURN_TYPE = YES_ERROR;
				GCC_WARN_UNDECLARED_SELECTOR = YES;
				GCC_WARN_UNINITIALIZED_AUTOS = YES_AGGRESSIVE;
				GCC_WARN_UNUSED_FUNCTION = YES;
				GCC_WARN_UNUSED_VARIABLE = YES;
				IPHONEOS_DEPLOYMENT_TARGET = 11.2;
				MTL_ENABLE_DEBUG_INFO = YES;
				ONLY_ACTIVE_ARCH = YES;
				SDKROOT = iphoneos;
				SWIFT_ACTIVE_COMPILATION_CONDITIONS = DEBUG;
				SWIFT_OPTIMIZATION_LEVEL = "-Onone";
			};
			name = Debug;
		};
		5C6EA922204CCAB100E50746 /* Release */ = {
			isa = XCBuildConfiguration;
			buildSettings = {
				ALWAYS_SEARCH_USER_PATHS = NO;
				CLANG_ANALYZER_NONNULL = YES;
				CLANG_ANALYZER_NUMBER_OBJECT_CONVERSION = YES_AGGRESSIVE;
				CLANG_CXX_LANGUAGE_STANDARD = "gnu++14";
				CLANG_CXX_LIBRARY = "libc++";
				CLANG_ENABLE_MODULES = YES;
				CLANG_ENABLE_OBJC_ARC = YES;
				CLANG_WARN_BLOCK_CAPTURE_AUTORELEASING = YES;
				CLANG_WARN_BOOL_CONVERSION = YES;
				CLANG_WARN_COMMA = YES;
				CLANG_WARN_CONSTANT_CONVERSION = YES;
				CLANG_WARN_DIRECT_OBJC_ISA_USAGE = YES_ERROR;
				CLANG_WARN_DOCUMENTATION_COMMENTS = YES;
				CLANG_WARN_EMPTY_BODY = YES;
				CLANG_WARN_ENUM_CONVERSION = YES;
				CLANG_WARN_INFINITE_RECURSION = YES;
				CLANG_WARN_INT_CONVERSION = YES;
				CLANG_WARN_NON_LITERAL_NULL_CONVERSION = YES;
				CLANG_WARN_OBJC_LITERAL_CONVERSION = YES;
				CLANG_WARN_OBJC_ROOT_CLASS = YES_ERROR;
				CLANG_WARN_RANGE_LOOP_ANALYSIS = YES;
				CLANG_WARN_STRICT_PROTOTYPES = YES;
				CLANG_WARN_SUSPICIOUS_MOVE = YES;
				CLANG_WARN_UNGUARDED_AVAILABILITY = YES_AGGRESSIVE;
				CLANG_WARN_UNREACHABLE_CODE = YES;
				CLANG_WARN__DUPLICATE_METHOD_MATCH = YES;
				CODE_SIGN_IDENTITY = "iPhone Developer";
				COPY_PHASE_STRIP = NO;
				DEBUG_INFORMATION_FORMAT = "dwarf-with-dsym";
				ENABLE_NS_ASSERTIONS = NO;
				ENABLE_STRICT_OBJC_MSGSEND = YES;
				GCC_C_LANGUAGE_STANDARD = gnu11;
				GCC_NO_COMMON_BLOCKS = YES;
				GCC_WARN_64_TO_32_BIT_CONVERSION = YES;
				GCC_WARN_ABOUT_RETURN_TYPE = YES_ERROR;
				GCC_WARN_UNDECLARED_SELECTOR = YES;
				GCC_WARN_UNINITIALIZED_AUTOS = YES_AGGRESSIVE;
				GCC_WARN_UNUSED_FUNCTION = YES;
				GCC_WARN_UNUSED_VARIABLE = YES;
				IPHONEOS_DEPLOYMENT_TARGET = 11.2;
				MTL_ENABLE_DEBUG_INFO = NO;
				SDKROOT = iphoneos;
				SWIFT_OPTIMIZATION_LEVEL = "-Owholemodule";
				VALIDATE_PRODUCT = YES;
			};
			name = Release;
		};
		5C6EA924204CCAB100E50746 /* Debug */ = {
			isa = XCBuildConfiguration;
			buildSettings = {
				ASSETCATALOG_COMPILER_APPICON_NAME = AppIcon;
				CODE_SIGN_STYLE = Automatic;
				DEVELOPMENT_TEAM = PPLU8J5RDW;
				INFOPLIST_FILE = BAC/Info.plist;
				IPHONEOS_DEPLOYMENT_TARGET = 10.0;
				LD_RUNPATH_SEARCH_PATHS = "$(inherited) @executable_path/Frameworks";
				PRODUCT_BUNDLE_IDENTIFIER = "Applied-Innovant.BAC";
				PRODUCT_NAME = "$(TARGET_NAME)";
				SWIFT_VERSION = 4.0;
				TARGETED_DEVICE_FAMILY = "1,2";
			};
			name = Debug;
		};
		5C6EA925204CCAB100E50746 /* Release */ = {
			isa = XCBuildConfiguration;
			buildSettings = {
				ASSETCATALOG_COMPILER_APPICON_NAME = AppIcon;
				CODE_SIGN_STYLE = Automatic;
				DEVELOPMENT_TEAM = PPLU8J5RDW;
				INFOPLIST_FILE = BAC/Info.plist;
				IPHONEOS_DEPLOYMENT_TARGET = 10.0;
				LD_RUNPATH_SEARCH_PATHS = "$(inherited) @executable_path/Frameworks";
				PRODUCT_BUNDLE_IDENTIFIER = "Applied-Innovant.BAC";
				PRODUCT_NAME = "$(TARGET_NAME)";
				SWIFT_VERSION = 4.0;
				TARGETED_DEVICE_FAMILY = "1,2";
			};
			name = Release;
		};
		5C6EA927204CCAB100E50746 /* Debug */ = {
			isa = XCBuildConfiguration;
			buildSettings = {
				ALWAYS_EMBED_SWIFT_STANDARD_LIBRARIES = YES;
				BUNDLE_LOADER = "$(TEST_HOST)";
				CODE_SIGN_STYLE = Automatic;
				INFOPLIST_FILE = BACTests/Info.plist;
				IPHONEOS_DEPLOYMENT_TARGET = 10.0;
				LD_RUNPATH_SEARCH_PATHS = "$(inherited) @executable_path/Frameworks @loader_path/Frameworks";
				PRODUCT_BUNDLE_IDENTIFIER = "Applied-Innovant.BACTests";
				PRODUCT_NAME = "$(TARGET_NAME)";
				SWIFT_VERSION = 4.0;
				TARGETED_DEVICE_FAMILY = "1,2";
				TEST_HOST = "$(BUILT_PRODUCTS_DIR)/BAC.app/BAC";
			};
			name = Debug;
		};
		5C6EA928204CCAB100E50746 /* Release */ = {
			isa = XCBuildConfiguration;
			buildSettings = {
				ALWAYS_EMBED_SWIFT_STANDARD_LIBRARIES = YES;
				BUNDLE_LOADER = "$(TEST_HOST)";
				CODE_SIGN_STYLE = Automatic;
				INFOPLIST_FILE = BACTests/Info.plist;
				IPHONEOS_DEPLOYMENT_TARGET = 10.0;
				LD_RUNPATH_SEARCH_PATHS = "$(inherited) @executable_path/Frameworks @loader_path/Frameworks";
				PRODUCT_BUNDLE_IDENTIFIER = "Applied-Innovant.BACTests";
				PRODUCT_NAME = "$(TARGET_NAME)";
				SWIFT_VERSION = 4.0;
				TARGETED_DEVICE_FAMILY = "1,2";
				TEST_HOST = "$(BUILT_PRODUCTS_DIR)/BAC.app/BAC";
			};
			name = Release;
		};
		5C6EA92A204CCAB100E50746 /* Debug */ = {
			isa = XCBuildConfiguration;
			buildSettings = {
				ALWAYS_EMBED_SWIFT_STANDARD_LIBRARIES = YES;
				CODE_SIGN_STYLE = Automatic;
				INFOPLIST_FILE = BACUITests/Info.plist;
				IPHONEOS_DEPLOYMENT_TARGET = 10.0;
				LD_RUNPATH_SEARCH_PATHS = "$(inherited) @executable_path/Frameworks @loader_path/Frameworks";
				PRODUCT_BUNDLE_IDENTIFIER = "Applied-Innovant.BACUITests";
				PRODUCT_NAME = "$(TARGET_NAME)";
				SWIFT_VERSION = 4.0;
				TARGETED_DEVICE_FAMILY = "1,2";
				TEST_TARGET_NAME = BAC;
			};
			name = Debug;
		};
		5C6EA92B204CCAB100E50746 /* Release */ = {
			isa = XCBuildConfiguration;
			buildSettings = {
				ALWAYS_EMBED_SWIFT_STANDARD_LIBRARIES = YES;
				CODE_SIGN_STYLE = Automatic;
				INFOPLIST_FILE = BACUITests/Info.plist;
				IPHONEOS_DEPLOYMENT_TARGET = 10.0;
				LD_RUNPATH_SEARCH_PATHS = "$(inherited) @executable_path/Frameworks @loader_path/Frameworks";
				PRODUCT_BUNDLE_IDENTIFIER = "Applied-Innovant.BACUITests";
				PRODUCT_NAME = "$(TARGET_NAME)";
				SWIFT_VERSION = 4.0;
				TARGETED_DEVICE_FAMILY = "1,2";
				TEST_TARGET_NAME = BAC;
			};
			name = Release;
		};
/* End XCBuildConfiguration section */

/* Begin XCConfigurationList section */
		5C6EA8F6204CCAB000E50746 /* Build configuration list for PBXProject "BAC" */ = {
			isa = XCConfigurationList;
			buildConfigurations = (
				5C6EA921204CCAB100E50746 /* Debug */,
				5C6EA922204CCAB100E50746 /* Release */,
			);
			defaultConfigurationIsVisible = 0;
			defaultConfigurationName = Release;
		};
		5C6EA923204CCAB100E50746 /* Build configuration list for PBXNativeTarget "BAC" */ = {
			isa = XCConfigurationList;
			buildConfigurations = (
				5C6EA924204CCAB100E50746 /* Debug */,
				5C6EA925204CCAB100E50746 /* Release */,
			);
			defaultConfigurationIsVisible = 0;
			defaultConfigurationName = Release;
		};
		5C6EA926204CCAB100E50746 /* Build configuration list for PBXNativeTarget "BACTests" */ = {
			isa = XCConfigurationList;
			buildConfigurations = (
				5C6EA927204CCAB100E50746 /* Debug */,
				5C6EA928204CCAB100E50746 /* Release */,
			);
			defaultConfigurationIsVisible = 0;
			defaultConfigurationName = Release;
		};
		5C6EA929204CCAB100E50746 /* Build configuration list for PBXNativeTarget "BACUITests" */ = {
			isa = XCConfigurationList;
			buildConfigurations = (
				5C6EA92A204CCAB100E50746 /* Debug */,
				5C6EA92B204CCAB100E50746 /* Release */,
			);
			defaultConfigurationIsVisible = 0;
			defaultConfigurationName = Release;
		};
/* End XCConfigurationList section */
	};
	rootObject = 5C6EA8F3204CCAB000E50746 /* Project object */;
}
